
Microsoft Visual Studio Solution File, Format Version 12.00
# Visual Studio 15
VisualStudioVersion = 15.0.28307.489
MinimumVisualStudioVersion = 10.0.40219.1
Project("{FAE04EC0-301F-11D3-BF4B-00C04F79EFBC}") = "ProcessNraMsg", "ProcessNraMsg\ProcessNraMsg.csproj", "{301E9DB4-E52C-40B9-AFCB-5922D2031C9B}"
EndProject
Global
	GlobalSection(SolutionConfigurationPlatforms) = preSolution
		Debug|Any CPU = Debug|Any CPU
		Release|Any CPU = Release|Any CPU
	EndGlobalSection
	GlobalSection(ProjectConfigurationPlatforms) = postSolution
		{301E9DB4-E52C-40B9-AFCB-5922D2031C9B}.Debug|Any CPU.ActiveCfg = Debug|Any CPU
		{301E9DB4-E52C-40B9-AFCB-5922D2031C9B}.Debug|Any CPU.Build.0 = Debug|Any CPU
		{301E9DB4-E52C-40B9-AFCB-5922D2031C9B}.Release|Any CPU.ActiveCfg = Release|Any CPU
		{301E9DB4-E52C-40B9-AFCB-5922D2031C9B}.Release|Any CPU.Build.0 = Release|Any CPU
	EndGlobalSection
	GlobalSection(SolutionProperties) = preSolution
		HideSolutionNode = FALSE
	EndGlobalSection
	GlobalSection(ExtensibilityGlobals) = postSolution
		SolutionGuid = {06DE1ACA-0698-4E2F-960A-E9A925CA2EA9}
	EndGlobalSection
EndGlobal
